{
  "name": "white-rabbit",
  "requires": true,
  "lockfileVersion": 1,
  "dependencies": {
    "@polymer/font-roboto": {
      "version": "0.0.3",
      "resolved": "https://registry.npmjs.org/@polymer/font-roboto/-/font-roboto-0.0.3.tgz",
      "integrity": "sha1-nVjttmC77S1L0p07+bIcIL3dYYc="
    },
    "@polymer/iron-a11y-keys-behavior": {
      "version": "0.0.3",
      "resolved": "https://registry.npmjs.org/@polymer/iron-a11y-keys-behavior/-/iron-a11y-keys-behavior-0.0.3.tgz",
      "integrity": "sha1-gqnFNdAa6UyzPZwHGppUPrwgRMA=",
      "requires": {
        "@polymer/polymer": "1.2.5-npm-test.2"
      }
    },
    "@polymer/iron-autogrow-textarea": {
      "version": "0.0.3",
      "resolved": "https://registry.npmjs.org/@polymer/iron-autogrow-textarea/-/iron-autogrow-textarea-0.0.3.tgz",
      "integrity": "sha1-8eoURDCfMWNP5FzPz+N2uD7P0oo=",
      "requires": {
        "@polymer/iron-behaviors": "0.0.3",
        "@polymer/iron-flex-layout": "0.0.3",
        "@polymer/iron-form-element-behavior": "0.0.3",
        "@polymer/iron-validatable-behavior": "0.0.3",
        "@polymer/polymer": "1.2.5-npm-test.2"
      }
    },
    "@polymer/iron-behaviors": {
      "version": "0.0.3",
      "resolved": "https://registry.npmjs.org/@polymer/iron-behaviors/-/iron-behaviors-0.0.3.tgz",
      "integrity": "sha1-AnSEiF3bkk+Z+oCD37qBDjnSZxs=",
      "requires": {
        "@polymer/iron-a11y-keys-behavior": "0.0.3",
        "@polymer/polymer": "1.2.5-npm-test.2"
      }
    },
    "@polymer/iron-flex-layout": {
      "version": "0.0.3",
      "resolved": "https://registry.npmjs.org/@polymer/iron-flex-layout/-/iron-flex-layout-0.0.3.tgz",
      "integrity": "sha1-t9enMrHLrf5qqVAMoG9A0CV4uvc=",
      "requires": {
        "@polymer/polymer": "1.2.5-npm-test.2"
      }
    },
    "@polymer/iron-form-element-behavior": {
      "version": "0.0.3",
      "resolved": "https://registry.npmjs.org/@polymer/iron-form-element-behavior/-/iron-form-element-behavior-0.0.3.tgz",
      "integrity": "sha1-NWSipR2Mz92kGT2UPV/QwSxGN1k=",
      "requires": {
        "@polymer/polymer": "1.2.5-npm-test.2"
      }
    },
    "@polymer/iron-input": {
      "version": "0.0.3",
      "resolved": "https://registry.npmjs.org/@polymer/iron-input/-/iron-input-0.0.3.tgz",
      "integrity": "sha1-5ByFh7JRqlEKJvKMqSOBqxRX33k=",
      "requires": {
        "@polymer/iron-validatable-behavior": "0.0.3",
        "@polymer/polymer": "1.2.5-npm-test.2"
      }
    },
    "@polymer/iron-meta": {
      "version": "0.0.3",
      "resolved": "https://registry.npmjs.org/@polymer/iron-meta/-/iron-meta-0.0.3.tgz",
      "integrity": "sha1-pM7IR5va7Gb/A3SaWRNvIf3gHXA=",
      "requires": {
        "@polymer/polymer": "1.2.5-npm-test.2"
      }
    },
    "@polymer/iron-validatable-behavior": {
      "version": "0.0.3",
      "resolved": "https://registry.npmjs.org/@polymer/iron-validatable-behavior/-/iron-validatable-behavior-0.0.3.tgz",
      "integrity": "sha1-Q4dHFz0rHTvBoIRYpV7THJtPGS8=",
      "requires": {
        "@polymer/iron-meta": "0.0.3",
        "@polymer/polymer": "1.2.5-npm-test.2"
      }
    },
    "@polymer/paper-input": {
      "version": "0.0.3",
      "resolved": "https://registry.npmjs.org/@polymer/paper-input/-/paper-input-0.0.3.tgz",
      "integrity": "sha1-W7PvqQY9znhYaDnErrLrbPLGGKI=",
      "requires": {
        "@polymer/iron-a11y-keys-behavior": "0.0.3",
        "@polymer/iron-autogrow-textarea": "0.0.3",
        "@polymer/iron-behaviors": "0.0.3",
        "@polymer/iron-form-element-behavior": "0.0.3",
        "@polymer/iron-input": "0.0.3",
        "@polymer/paper-styles": "0.0.3",
        "@polymer/polymer": "1.2.5-npm-test.2"
      }
    },
    "@polymer/paper-styles": {
      "version": "0.0.3",
      "resolved": "https://registry.npmjs.org/@polymer/paper-styles/-/paper-styles-0.0.3.tgz",
      "integrity": "sha1-uEZqBHgH1vxjwk+nG0hsl1zHU3k=",
      "requires": {
        "@polymer/font-roboto": "0.0.3",
        "@polymer/iron-flex-layout": "0.0.3",
        "@polymer/polymer": "1.2.5-npm-test.2"
      }
    },
    "@polymer/polymer": {
      "version": "1.2.5-npm-test.2",
      "resolved": "https://registry.npmjs.org/@polymer/polymer/-/polymer-1.2.5-npm-test.2.tgz",
      "integrity": "sha1-eTD1ZjwvaGkVRR0hHmY6qZl9czY=",
      "requires": {
        "webcomponents.js": "0.7.24"
      }
    },
    "fluent": {
      "version": "0.3.1",
      "resolved": "https://registry.npmjs.org/fluent/-/fluent-0.3.1.tgz",
      "integrity": "sha1-f6TOw/9X1wjI4me3sMSjTXog7nI="
    },
    "fluent-intl-polyfill": {
      "version": "0.1.0",
      "resolved": "https://registry.npmjs.org/fluent-intl-polyfill/-/fluent-intl-polyfill-0.1.0.tgz",
      "integrity": "sha1-ETOUSrJHeINHOZVZaIPg05z4hc8=",
      "requires": {
        "intl-pluralrules": "github:projectfluent/IntlPluralRules#94cb0fa1c23ad943bc5aafef43cea132fa51d68b"
      }
    },
    "fluent-langneg": {
      "version": "0.0.3",
      "resolved": "https://registry.npmjs.org/fluent-langneg/-/fluent-langneg-0.0.3.tgz",
      "integrity": "sha512-atYae9PGcLqa3ckStk3IPDjpdkkqzSzsR86viQB0y1kMhajR2tCAf6nmHTOvfKsV8WB9ZotWPrDpcLVLwD9/gA=="
    },
    "intl-pluralrules": {
      "version": "github:projectfluent/IntlPluralRules#94cb0fa1c23ad943bc5aafef43cea132fa51d68b"
    },
    "l20n": {
      "version": "5.0.0",
      "resolved": "https://registry.npmjs.org/l20n/-/l20n-5.0.0.tgz",
      "integrity": "sha1-XfkVSyCgrPAdTIsMRa8wuXpzGjM=",
      "requires": {
        "fluent": "0.3.1",
        "fluent-intl-polyfill": "0.1.0",
        "fluent-langneg": "0.0.3"
      }
    },
    "webcomponents.js": {
      "version": "0.7.24",
      "resolved": "https://registry.npmjs.org/webcomponents.js/-/webcomponents.js-0.7.24.tgz",
      "integrity": "sha1-IRb7+hRo7EFqe+/aozPh0Rj2nAQ="
    }
  }
}
